
Microsoft Visual Studio Solution File, Format Version 12.00
# Visual Studio Version 17
VisualStudioVersion = 17.9.34607.119
MinimumVisualStudioVersion = 10.0.40219.1
Project("{FAE04EC0-301F-11D3-BF4B-00C04F79EFBC}") = "BulkyBookWeb", "BulkyBookWeb\BulkyBookWeb.csproj", "{9502A4C0-3B2F-48E6-8EAF-998B5AF440AF}"
EndProject
Global
	GlobalSection(SolutionConfigurationPlatforms) = preSolution
		Debug|Any CPU = Debug|Any CPU
		Release|Any CPU = Release|Any CPU
	EndGlobalSection
	GlobalSection(ProjectConfigurationPlatforms) = postSolution
		{9502A4C0-3B2F-48E6-8EAF-998B5AF440AF}.Debug|Any CPU.ActiveCfg = Debug|Any CPU
		{9502A4C0-3B2F-48E6-8EAF-998B5AF440AF}.Debug|Any CPU.Build.0 = Debug|Any CPU
		{9502A4C0-3B2F-48E6-8EAF-998B5AF440AF}.Release|Any CPU.ActiveCfg = Release|Any CPU
		{9502A4C0-3B2F-48E6-8EAF-998B5AF440AF}.Release|Any CPU.Build.0 = Release|Any CPU
	EndGlobalSection
	GlobalSection(SolutionProperties) = preSolution
		HideSolutionNode = FALSE
	EndGlobalSection
	GlobalSection(ExtensibilityGlobals) = postSolution
		SolutionGuid = {93AE37F1-EC95-4E7B-A441-80B197F0CE7D}
	EndGlobalSection
EndGlobal
